
Microsoft Visual Studio Solution File, Format Version 12.00
# Visual Studio Version 17
VisualStudioVersion = 17.4.33110.190
MinimumVisualStudioVersion = 10.0.40219.1
Project("{9A19103F-16F7-4668-BE54-9A1E7A4F7556}") = "AirplanesLib", "AirplanesLib.csproj", "{AB02CE8C-1FA1-4D78-9519-B0C971749616}"
EndProject
Global
	GlobalSection(SolutionConfigurationPlatforms) = preSolution
		Debug|Any CPU = Debug|Any CPU
		Release|Any CPU = Release|Any CPU
	EndGlobalSection
	GlobalSection(ProjectConfigurationPlatforms) = postSolution
		{AB02CE8C-1FA1-4D78-9519-B0C971749616}.Debug|Any CPU.ActiveCfg = Debug|Any CPU
		{AB02CE8C-1FA1-4D78-9519-B0C971749616}.Debug|Any CPU.Build.0 = Debug|Any CPU
		{AB02CE8C-1FA1-4D78-9519-B0C971749616}.Release|Any CPU.ActiveCfg = Release|Any CPU
		{AB02CE8C-1FA1-4D78-9519-B0C971749616}.Release|Any CPU.Build.0 = Release|Any CPU
	EndGlobalSection
	GlobalSection(SolutionProperties) = preSolution
		HideSolutionNode = FALSE
	EndGlobalSection
	GlobalSection(ExtensibilityGlobals) = postSolution
		SolutionGuid = {F7D5BFD3-EC9E-455D-977E-BA7D49F7FC0F}
	EndGlobalSection
EndGlobal
