
Microsoft Visual Studio Solution File, Format Version 12.00
# Visual Studio Version 16
VisualStudioVersion = 16.0.32228.343
MinimumVisualStudioVersion = 10.0.40219.1
Project("{FAE04EC0-301F-11D3-BF4B-00C04F79EFBC}") = "lab_2", "lab_2.csproj", "{5A5B8A45-B47E-40A7-9464-BE53F40ED3D4}"
EndProject
Global
	GlobalSection(SolutionConfigurationPlatforms) = preSolution
		Debug|Any CPU = Debug|Any CPU
		Release|Any CPU = Release|Any CPU
	EndGlobalSection
	GlobalSection(ProjectConfigurationPlatforms) = postSolution
		{5A5B8A45-B47E-40A7-9464-BE53F40ED3D4}.Debug|Any CPU.ActiveCfg = Debug|Any CPU
		{5A5B8A45-B47E-40A7-9464-BE53F40ED3D4}.Debug|Any CPU.Build.0 = Debug|Any CPU
		{5A5B8A45-B47E-40A7-9464-BE53F40ED3D4}.Release|Any CPU.ActiveCfg = Release|Any CPU
		{5A5B8A45-B47E-40A7-9464-BE53F40ED3D4}.Release|Any CPU.Build.0 = Release|Any CPU
	EndGlobalSection
	GlobalSection(SolutionProperties) = preSolution
		HideSolutionNode = FALSE
	EndGlobalSection
	GlobalSection(ExtensibilityGlobals) = postSolution
		SolutionGuid = {F35C0B76-F722-475A-9706-B097185F5F31}
	EndGlobalSection
EndGlobal
