
Microsoft Visual Studio Solution File, Format Version 12.00
# Visual Studio Version 17
VisualStudioVersion = 17.4.33110.190
MinimumVisualStudioVersion = 10.0.40219.1
Project("{9A19103F-16F7-4668-BE54-9A1E7A4F7556}") = "CourseProject", "CourseProject.csproj", "{DF43AF42-C334-4E7F-9DB8-720C18A646E3}"
EndProject
Project("{9A19103F-16F7-4668-BE54-9A1E7A4F7556}") = "AirplanesLib", "..\AirplanesLib\AirplanesLib.csproj", "{C22EAC18-EB02-4DEB-B250-D31A44E6756F}"
EndProject
Global
	GlobalSection(SolutionConfigurationPlatforms) = preSolution
		Debug|Any CPU = Debug|Any CPU
		Release|Any CPU = Release|Any CPU
	EndGlobalSection
	GlobalSection(ProjectConfigurationPlatforms) = postSolution
		{DF43AF42-C334-4E7F-9DB8-720C18A646E3}.Debug|Any CPU.ActiveCfg = Debug|Any CPU
		{DF43AF42-C334-4E7F-9DB8-720C18A646E3}.Debug|Any CPU.Build.0 = Debug|Any CPU
		{DF43AF42-C334-4E7F-9DB8-720C18A646E3}.Release|Any CPU.ActiveCfg = Release|Any CPU
		{DF43AF42-C334-4E7F-9DB8-720C18A646E3}.Release|Any CPU.Build.0 = Release|Any CPU
		{C22EAC18-EB02-4DEB-B250-D31A44E6756F}.Debug|Any CPU.ActiveCfg = Debug|Any CPU
		{C22EAC18-EB02-4DEB-B250-D31A44E6756F}.Debug|Any CPU.Build.0 = Debug|Any CPU
		{C22EAC18-EB02-4DEB-B250-D31A44E6756F}.Release|Any CPU.ActiveCfg = Release|Any CPU
		{C22EAC18-EB02-4DEB-B250-D31A44E6756F}.Release|Any CPU.Build.0 = Release|Any CPU
	EndGlobalSection
	GlobalSection(SolutionProperties) = preSolution
		HideSolutionNode = FALSE
	EndGlobalSection
	GlobalSection(ExtensibilityGlobals) = postSolution
		SolutionGuid = {2090EB99-AE3E-4343-BD38-733BA4750700}
	EndGlobalSection
EndGlobal
