
Microsoft Visual Studio Solution File, Format Version 12.00
# Visual Studio Version 17
VisualStudioVersion = 17.4.33110.190
MinimumVisualStudioVersion = 10.0.40219.1
Project("{FAE04EC0-301F-11D3-BF4B-00C04F79EFBC}") = "CourseProjectAlex", "CourseProjectAlex.csproj", "{CB01413C-2C42-4E51-81CE-BB7B0CB14B39}"
EndProject
Project("{FAE04EC0-301F-11D3-BF4B-00C04F79EFBC}") = "CourseLib", "..\CourseLib\CourseLib.csproj", "{F2ACB628-AE83-4FDD-9743-5AC4B8049DEF}"
EndProject
Global
	GlobalSection(SolutionConfigurationPlatforms) = preSolution
		Debug|Any CPU = Debug|Any CPU
		Release|Any CPU = Release|Any CPU
	EndGlobalSection
	GlobalSection(ProjectConfigurationPlatforms) = postSolution
		{CB01413C-2C42-4E51-81CE-BB7B0CB14B39}.Debug|Any CPU.ActiveCfg = Debug|Any CPU
		{CB01413C-2C42-4E51-81CE-BB7B0CB14B39}.Debug|Any CPU.Build.0 = Debug|Any CPU
		{CB01413C-2C42-4E51-81CE-BB7B0CB14B39}.Release|Any CPU.ActiveCfg = Release|Any CPU
		{CB01413C-2C42-4E51-81CE-BB7B0CB14B39}.Release|Any CPU.Build.0 = Release|Any CPU
		{F2ACB628-AE83-4FDD-9743-5AC4B8049DEF}.Debug|Any CPU.ActiveCfg = Debug|Any CPU
		{F2ACB628-AE83-4FDD-9743-5AC4B8049DEF}.Debug|Any CPU.Build.0 = Debug|Any CPU
		{F2ACB628-AE83-4FDD-9743-5AC4B8049DEF}.Release|Any CPU.ActiveCfg = Release|Any CPU
		{F2ACB628-AE83-4FDD-9743-5AC4B8049DEF}.Release|Any CPU.Build.0 = Release|Any CPU
	EndGlobalSection
	GlobalSection(SolutionProperties) = preSolution
		HideSolutionNode = FALSE
	EndGlobalSection
	GlobalSection(ExtensibilityGlobals) = postSolution
		SolutionGuid = {E1DDDAC5-3AEE-4FA0-81E5-43F0A9DB203C}
	EndGlobalSection
EndGlobal
