
Microsoft Visual Studio Solution File, Format Version 12.00
# Visual Studio Version 16
VisualStudioVersion = 16.0.32228.343
MinimumVisualStudioVersion = 10.0.40219.1
Project("{FAE04EC0-301F-11D3-BF4B-00C04F79EFBC}") = "lab_5", "lab_5.csproj", "{AB002361-E8B7-4129-99AB-1BC4C6FD2667}"
EndProject
Global
	GlobalSection(SolutionConfigurationPlatforms) = preSolution
		Debug|Any CPU = Debug|Any CPU
		Release|Any CPU = Release|Any CPU
	EndGlobalSection
	GlobalSection(ProjectConfigurationPlatforms) = postSolution
		{AB002361-E8B7-4129-99AB-1BC4C6FD2667}.Debug|Any CPU.ActiveCfg = Debug|Any CPU
		{AB002361-E8B7-4129-99AB-1BC4C6FD2667}.Debug|Any CPU.Build.0 = Debug|Any CPU
		{AB002361-E8B7-4129-99AB-1BC4C6FD2667}.Release|Any CPU.ActiveCfg = Release|Any CPU
		{AB002361-E8B7-4129-99AB-1BC4C6FD2667}.Release|Any CPU.Build.0 = Release|Any CPU
	EndGlobalSection
	GlobalSection(SolutionProperties) = preSolution
		HideSolutionNode = FALSE
	EndGlobalSection
	GlobalSection(ExtensibilityGlobals) = postSolution
		SolutionGuid = {36C52342-18C6-4C75-B648-25C2E69AEDFE}
	EndGlobalSection
EndGlobal
