
Microsoft Visual Studio Solution File, Format Version 12.00
# Visual Studio Version 17
VisualStudioVersion = 17.4.33110.190
MinimumVisualStudioVersion = 10.0.40219.1
Project("{FAE04EC0-301F-11D3-BF4B-00C04F79EFBC}") = "lab_6", "lab_6.csproj", "{27E8ACFE-F905-4554-B65A-5A7AA5452569}"
EndProject
Global
	GlobalSection(SolutionConfigurationPlatforms) = preSolution
		Debug|Any CPU = Debug|Any CPU
		Release|Any CPU = Release|Any CPU
	EndGlobalSection
	GlobalSection(ProjectConfigurationPlatforms) = postSolution
		{27E8ACFE-F905-4554-B65A-5A7AA5452569}.Debug|Any CPU.ActiveCfg = Debug|Any CPU
		{27E8ACFE-F905-4554-B65A-5A7AA5452569}.Debug|Any CPU.Build.0 = Debug|Any CPU
		{27E8ACFE-F905-4554-B65A-5A7AA5452569}.Release|Any CPU.ActiveCfg = Release|Any CPU
		{27E8ACFE-F905-4554-B65A-5A7AA5452569}.Release|Any CPU.Build.0 = Release|Any CPU
	EndGlobalSection
	GlobalSection(SolutionProperties) = preSolution
		HideSolutionNode = FALSE
	EndGlobalSection
	GlobalSection(ExtensibilityGlobals) = postSolution
		SolutionGuid = {DBEE2D53-8773-4011-948E-38B393BE02AF}
	EndGlobalSection
EndGlobal
